
Microsoft Visual Studio Solution File, Format Version 12.00
# Visual Studio Version 16
VisualStudioVersion = 16.0.29519.87
MinimumVisualStudioVersion = 10.0.40219.1
Project("{9A19103F-16F7-4668-BE54-9A1E7A4F7556}") = "DeBruijnOrtho", "DeBruijnOrtho\DeBruijnOrtho.csproj", "{0C9D1B81-1E35-4AC8-B246-9E61DCEFFA4B}"
EndProject
Project("{9A19103F-16F7-4668-BE54-9A1E7A4F7556}") = "Experiments", "Experiments\Experiments.csproj", "{0BB19784-5BBD-45D8-92AC-E8CC95EBBC1B}"
EndProject
Project("{9A19103F-16F7-4668-BE54-9A1E7A4F7556}") = "DeBruijnDirect", "DeBruijnDirect\DeBruijnDirect.csproj", "{3167AE76-7E29-4D8B-84C5-94D1190CAD8D}"
EndProject
Project("{9A19103F-16F7-4668-BE54-9A1E7A4F7556}") = "DeBrein", "DeBrein\DeBrein.csproj", "{88D266B3-3BEE-4285-9865-FA77CDD4C961}"
EndProject
Project("{9A19103F-16F7-4668-BE54-9A1E7A4F7556}") = "TestGenerator", "TestGenerator\TestGenerator.csproj", "{C2FD4DD0-AB78-4398-A822-4515F986D300}"
EndProject
Project("{9A19103F-16F7-4668-BE54-9A1E7A4F7556}") = "DeBruijnHisto", "DeBruijnHisto\DeBruijnHisto.csproj", "{83553C2C-9E03-4C39-AA48-B286B17EE679}"
EndProject
Project("{9A19103F-16F7-4668-BE54-9A1E7A4F7556}") = "ReadsProcessing", "ReadsProcessing\ReadsProcessing.csproj", "{A4147DCC-C68A-44EE-9613-F2B6A95263E7}"
EndProject
Project("{FAE04EC0-301F-11D3-BF4B-00C04F79EFBC}") = "ReadsGen", "ReadsGen\ReadsGen.csproj", "{8122E85E-6C79-42C7-BB61-636BFC0AF40C}"
EndProject
Global
	GlobalSection(SolutionConfigurationPlatforms) = preSolution
		Debug|Any CPU = Debug|Any CPU
		Release|Any CPU = Release|Any CPU
	EndGlobalSection
	GlobalSection(ProjectConfigurationPlatforms) = postSolution
		{0C9D1B81-1E35-4AC8-B246-9E61DCEFFA4B}.Debug|Any CPU.ActiveCfg = Debug|Any CPU
		{0C9D1B81-1E35-4AC8-B246-9E61DCEFFA4B}.Debug|Any CPU.Build.0 = Debug|Any CPU
		{0C9D1B81-1E35-4AC8-B246-9E61DCEFFA4B}.Release|Any CPU.ActiveCfg = Release|Any CPU
		{0C9D1B81-1E35-4AC8-B246-9E61DCEFFA4B}.Release|Any CPU.Build.0 = Release|Any CPU
		{0BB19784-5BBD-45D8-92AC-E8CC95EBBC1B}.Debug|Any CPU.ActiveCfg = Debug|Any CPU
		{0BB19784-5BBD-45D8-92AC-E8CC95EBBC1B}.Debug|Any CPU.Build.0 = Debug|Any CPU
		{0BB19784-5BBD-45D8-92AC-E8CC95EBBC1B}.Release|Any CPU.ActiveCfg = Release|Any CPU
		{0BB19784-5BBD-45D8-92AC-E8CC95EBBC1B}.Release|Any CPU.Build.0 = Release|Any CPU
		{3167AE76-7E29-4D8B-84C5-94D1190CAD8D}.Debug|Any CPU.ActiveCfg = Debug|Any CPU
		{3167AE76-7E29-4D8B-84C5-94D1190CAD8D}.Debug|Any CPU.Build.0 = Debug|Any CPU
		{3167AE76-7E29-4D8B-84C5-94D1190CAD8D}.Release|Any CPU.ActiveCfg = Release|Any CPU
		{3167AE76-7E29-4D8B-84C5-94D1190CAD8D}.Release|Any CPU.Build.0 = Release|Any CPU
		{88D266B3-3BEE-4285-9865-FA77CDD4C961}.Debug|Any CPU.ActiveCfg = Debug|Any CPU
		{88D266B3-3BEE-4285-9865-FA77CDD4C961}.Debug|Any CPU.Build.0 = Debug|Any CPU
		{88D266B3-3BEE-4285-9865-FA77CDD4C961}.Release|Any CPU.ActiveCfg = Release|Any CPU
		{88D266B3-3BEE-4285-9865-FA77CDD4C961}.Release|Any CPU.Build.0 = Release|Any CPU
		{C2FD4DD0-AB78-4398-A822-4515F986D300}.Debug|Any CPU.ActiveCfg = Debug|Any CPU
		{C2FD4DD0-AB78-4398-A822-4515F986D300}.Debug|Any CPU.Build.0 = Debug|Any CPU
		{C2FD4DD0-AB78-4398-A822-4515F986D300}.Release|Any CPU.ActiveCfg = Release|Any CPU
		{C2FD4DD0-AB78-4398-A822-4515F986D300}.Release|Any CPU.Build.0 = Release|Any CPU
		{83553C2C-9E03-4C39-AA48-B286B17EE679}.Debug|Any CPU.ActiveCfg = Debug|Any CPU
		{83553C2C-9E03-4C39-AA48-B286B17EE679}.Debug|Any CPU.Build.0 = Debug|Any CPU
		{83553C2C-9E03-4C39-AA48-B286B17EE679}.Release|Any CPU.ActiveCfg = Release|Any CPU
		{83553C2C-9E03-4C39-AA48-B286B17EE679}.Release|Any CPU.Build.0 = Release|Any CPU
		{A4147DCC-C68A-44EE-9613-F2B6A95263E7}.Debug|Any CPU.ActiveCfg = Debug|Any CPU
		{A4147DCC-C68A-44EE-9613-F2B6A95263E7}.Debug|Any CPU.Build.0 = Debug|Any CPU
		{A4147DCC-C68A-44EE-9613-F2B6A95263E7}.Release|Any CPU.ActiveCfg = Release|Any CPU
		{A4147DCC-C68A-44EE-9613-F2B6A95263E7}.Release|Any CPU.Build.0 = Release|Any CPU
		{8122E85E-6C79-42C7-BB61-636BFC0AF40C}.Debug|Any CPU.ActiveCfg = Debug|Any CPU
		{8122E85E-6C79-42C7-BB61-636BFC0AF40C}.Debug|Any CPU.Build.0 = Debug|Any CPU
		{8122E85E-6C79-42C7-BB61-636BFC0AF40C}.Release|Any CPU.ActiveCfg = Release|Any CPU
		{8122E85E-6C79-42C7-BB61-636BFC0AF40C}.Release|Any CPU.Build.0 = Release|Any CPU
	EndGlobalSection
	GlobalSection(SolutionProperties) = preSolution
		HideSolutionNode = FALSE
	EndGlobalSection
	GlobalSection(ExtensibilityGlobals) = postSolution
		SolutionGuid = {988350DD-7D16-46BB-84BC-504D0F3FA5DC}
	EndGlobalSection
EndGlobal
